
Microsoft Visual Studio Solution File, Format Version 12.00
# Visual Studio 15
VisualStudioVersion = 15.0.28307.572
MinimumVisualStudioVersion = 10.0.40219.1
Project("{FAE04EC0-301F-11D3-BF4B-00C04F79EFBC}") = "testApp", "testApp\testApp.csproj", "{9E35024F-4100-47BF-9E82-F9908320A9AF}"
EndProject
Global
	GlobalSection(SolutionConfigurationPlatforms) = preSolution
		Debug|Any CPU = Debug|Any CPU
		Release|Any CPU = Release|Any CPU
	EndGlobalSection
	GlobalSection(ProjectConfigurationPlatforms) = postSolution
		{9E35024F-4100-47BF-9E82-F9908320A9AF}.Debug|Any CPU.ActiveCfg = Debug|Any CPU
		{9E35024F-4100-47BF-9E82-F9908320A9AF}.Debug|Any CPU.Build.0 = Debug|Any CPU
		{9E35024F-4100-47BF-9E82-F9908320A9AF}.Release|Any CPU.ActiveCfg = Release|Any CPU
		{9E35024F-4100-47BF-9E82-F9908320A9AF}.Release|Any CPU.Build.0 = Release|Any CPU
	EndGlobalSection
	GlobalSection(SolutionProperties) = preSolution
		HideSolutionNode = FALSE
	EndGlobalSection
	GlobalSection(ExtensibilityGlobals) = postSolution
		SolutionGuid = {2C57EBC8-C09C-4F03-97BF-27B1677E6B82}
	EndGlobalSection
EndGlobal
